
Microsoft Visual Studio Solution File, Format Version 12.00
# Visual Studio 15
VisualStudioVersion = 15.0.27130.2027
MinimumVisualStudioVersion = 10.0.40219.1
Project("{FAE04EC0-301F-11D3-BF4B-00C04F79EFBC}") = "AspNetCoreMVCLocalizationByURL", "AspNetCoreMVCLocalizationByURL\AspNetCoreMVCLocalizationByURL.csproj", "{C06383DE-2AED-42B4-97D2-25D116357989}"
EndProject
Global
	GlobalSection(SolutionConfigurationPlatforms) = preSolution
		Debug|Any CPU = Debug|Any CPU
		Release|Any CPU = Release|Any CPU
	EndGlobalSection
	GlobalSection(ProjectConfigurationPlatforms) = postSolution
		{C06383DE-2AED-42B4-97D2-25D116357989}.Debug|Any CPU.ActiveCfg = Debug|Any CPU
		{C06383DE-2AED-42B4-97D2-25D116357989}.Debug|Any CPU.Build.0 = Debug|Any CPU
		{C06383DE-2AED-42B4-97D2-25D116357989}.Release|Any CPU.ActiveCfg = Release|Any CPU
		{C06383DE-2AED-42B4-97D2-25D116357989}.Release|Any CPU.Build.0 = Release|Any CPU
	EndGlobalSection
	GlobalSection(SolutionProperties) = preSolution
		HideSolutionNode = FALSE
	EndGlobalSection
	GlobalSection(ExtensibilityGlobals) = postSolution
		SolutionGuid = {41B37590-6C1D-4352-9896-6007DA5A77BD}
	EndGlobalSection
EndGlobal
